
Microsoft Visual Studio Solution File, Format Version 12.00
# Visual Studio Version 17
VisualStudioVersion = 17.9.34728.123
MinimumVisualStudioVersion = 10.0.40219.1
Project("{9A19103F-16F7-4668-BE54-9A1E7A4F7556}") = "DesafioFundamentos", "DesafioFundamentos.csproj", "{F915747D-73D6-49CB-B00A-FC03E0A0E2EA}"
EndProject
Global
	GlobalSection(SolutionConfigurationPlatforms) = preSolution
		Debug|Any CPU = Debug|Any CPU
		Release|Any CPU = Release|Any CPU
	EndGlobalSection
	GlobalSection(ProjectConfigurationPlatforms) = postSolution
		{F915747D-73D6-49CB-B00A-FC03E0A0E2EA}.Debug|Any CPU.ActiveCfg = Debug|Any CPU
		{F915747D-73D6-49CB-B00A-FC03E0A0E2EA}.Debug|Any CPU.Build.0 = Debug|Any CPU
		{F915747D-73D6-49CB-B00A-FC03E0A0E2EA}.Release|Any CPU.ActiveCfg = Release|Any CPU
		{F915747D-73D6-49CB-B00A-FC03E0A0E2EA}.Release|Any CPU.Build.0 = Release|Any CPU
	EndGlobalSection
	GlobalSection(SolutionProperties) = preSolution
		HideSolutionNode = FALSE
	EndGlobalSection
	GlobalSection(ExtensibilityGlobals) = postSolution
		SolutionGuid = {470E132B-840B-43A1-9041-3DB90D549E1E}
	EndGlobalSection
EndGlobal
